
Microsoft Visual Studio Solution File, Format Version 12.00
# Visual Studio Version 17
VisualStudioVersion = 17.2.32526.322
MinimumVisualStudioVersion = 10.0.40219.1
Project("{FAE04EC0-301F-11D3-BF4B-00C04F79EFBC}") = "ProgramaExemplo3", "ProgramaExemplo3\ProgramaExemplo3.csproj", "{3B5FFF16-4B36-4A93-81B8-8D5964C37E79}"
EndProject
Global
	GlobalSection(SolutionConfigurationPlatforms) = preSolution
		Debug|Any CPU = Debug|Any CPU
		Release|Any CPU = Release|Any CPU
	EndGlobalSection
	GlobalSection(ProjectConfigurationPlatforms) = postSolution
		{3B5FFF16-4B36-4A93-81B8-8D5964C37E79}.Debug|Any CPU.ActiveCfg = Debug|Any CPU
		{3B5FFF16-4B36-4A93-81B8-8D5964C37E79}.Debug|Any CPU.Build.0 = Debug|Any CPU
		{3B5FFF16-4B36-4A93-81B8-8D5964C37E79}.Release|Any CPU.ActiveCfg = Release|Any CPU
		{3B5FFF16-4B36-4A93-81B8-8D5964C37E79}.Release|Any CPU.Build.0 = Release|Any CPU
	EndGlobalSection
	GlobalSection(SolutionProperties) = preSolution
		HideSolutionNode = FALSE
	EndGlobalSection
	GlobalSection(ExtensibilityGlobals) = postSolution
		SolutionGuid = {40E1C118-2975-46AA-BBF3-9CFB467A16F0}
	EndGlobalSection
EndGlobal
