
Microsoft Visual Studio Solution File, Format Version 12.00
# Visual Studio Version 17
VisualStudioVersion = 17.2.32526.322
MinimumVisualStudioVersion = 10.0.40219.1
Project("{FAE04EC0-301F-11D3-BF4B-00C04F79EFBC}") = "Programa2", "Programa2\Programa2.csproj", "{CA93B3CE-8409-44EA-8463-62A1D87D57F6}"
EndProject
Global
	GlobalSection(SolutionConfigurationPlatforms) = preSolution
		Debug|Any CPU = Debug|Any CPU
		Release|Any CPU = Release|Any CPU
	EndGlobalSection
	GlobalSection(ProjectConfigurationPlatforms) = postSolution
		{CA93B3CE-8409-44EA-8463-62A1D87D57F6}.Debug|Any CPU.ActiveCfg = Debug|Any CPU
		{CA93B3CE-8409-44EA-8463-62A1D87D57F6}.Debug|Any CPU.Build.0 = Debug|Any CPU
		{CA93B3CE-8409-44EA-8463-62A1D87D57F6}.Release|Any CPU.ActiveCfg = Release|Any CPU
		{CA93B3CE-8409-44EA-8463-62A1D87D57F6}.Release|Any CPU.Build.0 = Release|Any CPU
	EndGlobalSection
	GlobalSection(SolutionProperties) = preSolution
		HideSolutionNode = FALSE
	EndGlobalSection
	GlobalSection(ExtensibilityGlobals) = postSolution
		SolutionGuid = {F6299F43-1E8B-4069-8C1C-A563FE994EE0}
	EndGlobalSection
EndGlobal
